
Microsoft Visual Studio Solution File, Format Version 12.00
# Visual Studio 15
VisualStudioVersion = 15.0.26730.16
MinimumVisualStudioVersion = 10.0.40219.1
Project("{FAE04EC0-301F-11D3-BF4B-00C04F79EFBC}") = "CurrencyConversionService", "CurrencyConversionService\CurrencyConversionService.csproj", "{E0D4DB84-30FE-4E69-BF9D-BD7AF90D2504}"
EndProject
Project("{FAE04EC0-301F-11D3-BF4B-00C04F79EFBC}") = "CCUI", "CCUI\CCUI.csproj", "{DA1E7F9B-7C83-4F37-B46D-B90A60920BB6}"
	ProjectSection(ProjectDependencies) = postProject
		{E0D4DB84-30FE-4E69-BF9D-BD7AF90D2504} = {E0D4DB84-30FE-4E69-BF9D-BD7AF90D2504}
	EndProjectSection
EndProject
Global
	GlobalSection(SolutionConfigurationPlatforms) = preSolution
		Debug|Any CPU = Debug|Any CPU
		Release|Any CPU = Release|Any CPU
	EndGlobalSection
	GlobalSection(ProjectConfigurationPlatforms) = postSolution
		{E0D4DB84-30FE-4E69-BF9D-BD7AF90D2504}.Debug|Any CPU.ActiveCfg = Debug|Any CPU
		{E0D4DB84-30FE-4E69-BF9D-BD7AF90D2504}.Debug|Any CPU.Build.0 = Debug|Any CPU
		{E0D4DB84-30FE-4E69-BF9D-BD7AF90D2504}.Release|Any CPU.ActiveCfg = Release|Any CPU
		{E0D4DB84-30FE-4E69-BF9D-BD7AF90D2504}.Release|Any CPU.Build.0 = Release|Any CPU
		{DA1E7F9B-7C83-4F37-B46D-B90A60920BB6}.Debug|Any CPU.ActiveCfg = Debug|Any CPU
		{DA1E7F9B-7C83-4F37-B46D-B90A60920BB6}.Debug|Any CPU.Build.0 = Debug|Any CPU
		{DA1E7F9B-7C83-4F37-B46D-B90A60920BB6}.Release|Any CPU.ActiveCfg = Release|Any CPU
		{DA1E7F9B-7C83-4F37-B46D-B90A60920BB6}.Release|Any CPU.Build.0 = Release|Any CPU
	EndGlobalSection
	GlobalSection(SolutionProperties) = preSolution
		HideSolutionNode = FALSE
	EndGlobalSection
	GlobalSection(ExtensibilityGlobals) = postSolution
		SolutionGuid = {3DF84D2F-466B-4D66-ACDD-7D0778E8CD01}
	EndGlobalSection
EndGlobal
